# Code generated by scarb DO NOT EDIT.
version = 1

[[package]]
name = "alexandria_bytes"
version = "0.5.2"
source = "git+https://github.com/keep-starknet-strange/alexandria.git?tag=v0.5.2#2fa8b3e12e31f58216b7d890c3d9094da9e6fcff"
dependencies = [
 "alexandria_data_structures",
 "alexandria_math",
]

[[package]]
name = "alexandria_data_structures"
version = "0.5.2"
source = "git+https://github.com/keep-starknet-strange/alexandria.git?tag=v0.5.2#2fa8b3e12e31f58216b7d890c3d9094da9e6fcff"

[[package]]
name = "alexandria_encoding"
version = "0.5.2"
source = "git+https://github.com/keep-starknet-strange/alexandria.git?tag=v0.5.2#2fa8b3e12e31f58216b7d890c3d9094da9e6fcff"
dependencies = [
 "alexandria_bytes",
 "alexandria_data_structures",
 "alexandria_math",
 "alexandria_numeric",
]

[[package]]
name = "alexandria_math"
version = "0.5.2"
source = "git+https://github.com/keep-starknet-strange/alexandria.git?tag=v0.5.2#2fa8b3e12e31f58216b7d890c3d9094da9e6fcff"

[[package]]
name = "alexandria_numeric"
version = "0.5.2"
source = "git+https://github.com/keep-starknet-strange/alexandria.git?tag=v0.5.2#2fa8b3e12e31f58216b7d890c3d9094da9e6fcff"
dependencies = [
 "alexandria_math",
 "alexandria_searching",
]

[[package]]
name = "alexandria_searching"
version = "0.5.2"
source = "git+https://github.com/keep-starknet-strange/alexandria.git?tag=v0.5.2#2fa8b3e12e31f58216b7d890c3d9094da9e6fcff"
dependencies = [
 "alexandria_data_structures",
]

[[package]]
name = "budokan"
version = "0.0.1"
dependencies = [
 "dojo",
 "dojo_cairo_test",
 "dojo_macros",
 "game_components_metagame",
 "game_components_minigame",
 "game_components_test_starknet",
 "game_components_token",
 "game_components_utils",
 "openzeppelin_introspection",
 "openzeppelin_token",
]

[[package]]
name = "dojo"
version = "1.6.0-alpha.1"
source = "git+https://github.com/dojoengine/dojo?tag=v1.7.0-alpha.1#67aeb9f49c6b8c30b1850badd065c9192617c3b2"
dependencies = [
 "dojo_macros",
]

[[package]]
name = "dojo_cairo_test"
version = "1.6.0-alpha.1"
source = "git+https://github.com/dojoengine/dojo?tag=v1.7.0-alpha.1#67aeb9f49c6b8c30b1850badd065c9192617c3b2"
dependencies = [
 "dojo",
]

[[package]]
name = "dojo_macros"
version = "1.6.0-alpha.1"
source = "git+https://github.com/dojoengine/dojo?tag=v1.7.0-alpha.1#67aeb9f49c6b8c30b1850badd065c9192617c3b2"

[[package]]
name = "game_components_metagame"
version = "1.5.1"
source = "git+https://github.com/credence0x/game-components#8011edc28ec5aff8e4cfd71bd2cbb459141d6f1a"
dependencies = [
 "game_components_minigame",
 "game_components_token",
 "game_components_utils",
 "openzeppelin_introspection",
 "openzeppelin_token",
]

[[package]]
name = "game_components_minigame"
version = "1.5.1"
source = "git+https://github.com/credence0x/game-components#8011edc28ec5aff8e4cfd71bd2cbb459141d6f1a"
dependencies = [
 "game_components_metagame",
 "game_components_token",
 "game_components_utils",
 "openzeppelin_introspection",
 "openzeppelin_token",
]

[[package]]
name = "game_components_test_starknet"
version = "1.5.1"
source = "git+https://github.com/credence0x/game-components#8011edc28ec5aff8e4cfd71bd2cbb459141d6f1a"
dependencies = [
 "game_components_metagame",
 "game_components_minigame",
 "game_components_token",
 "game_components_utils",
 "openzeppelin_introspection",
 "openzeppelin_token",
]

[[package]]
name = "game_components_token"
version = "1.5.1"
source = "git+https://github.com/credence0x/game-components#8011edc28ec5aff8e4cfd71bd2cbb459141d6f1a"
dependencies = [
 "game_components_metagame",
 "game_components_minigame",
 "game_components_test_starknet",
 "game_components_utils",
 "openzeppelin_introspection",
 "openzeppelin_token",
]

[[package]]
name = "game_components_utils"
version = "1.5.1"
source = "git+https://github.com/credence0x/game-components#8011edc28ec5aff8e4cfd71bd2cbb459141d6f1a"
dependencies = [
 "alexandria_encoding",
 "game_components_metagame",
 "game_components_minigame",
 "game_components_token",
 "graffiti",
]

[[package]]
name = "graffiti"
version = "0.1.0"
source = "git+https://github.com/ponderingdemocritus/graffiti?rev=bc569531791dbc71c6cd8d9bc154c34eedad31fe#bc569531791dbc71c6cd8d9bc154c34eedad31fe"

[[package]]
name = "openzeppelin_access"
version = "2.0.0"
source = "registry+https://scarbs.xyz/"
checksum = "sha256:511681dd26d814ee2bc996d44ff8cb4aaa5ae9d14272130def7eb901cf004850"
dependencies = [
 "openzeppelin_introspection",
]

[[package]]
name = "openzeppelin_account"
version = "2.0.0"
source = "registry+https://scarbs.xyz/"
checksum = "sha256:fb3381c50d68b028d3801feb43df378e2bd62137b6884844f8f60aefe796188b"
dependencies = [
 "openzeppelin_introspection",
 "openzeppelin_utils",
]

[[package]]
name = "openzeppelin_introspection"
version = "2.0.0"
source = "registry+https://scarbs.xyz/"
checksum = "sha256:87773ed6cd2318f169283ecbbb161890d1996260a80302d81ec45b70ee5e54c1"

[[package]]
name = "openzeppelin_token"
version = "2.0.0"
source = "registry+https://scarbs.xyz/"
checksum = "sha256:6fe61f63b5a6706018265fb7373b6e5bd3ff829bdc760b2b90296b1e708d180c"
dependencies = [
 "openzeppelin_access",
 "openzeppelin_account",
 "openzeppelin_introspection",
 "openzeppelin_utils",
]

[[package]]
name = "openzeppelin_utils"
version = "2.0.0"
source = "registry+https://scarbs.xyz/"
checksum = "sha256:bf799c794139837f397975ffdf6a7ed5032d198bbf70e87a8f44f144a9dfc505"
